# THIS IS AN AUTOGENERATED FILE. DO NOT EDIT THIS FILE DIRECTLY.
# yarn lockfile v1


"@wallzack/randomid-generator@1.0.0":
  version "1.0.0"
  resolved "https://registry.yarnpkg.com/@wallzack/randomid-generator/-/randomid-generator-1.0.0.tgz#293b724d909e84c430873f646eef25ad15c80614"
  integrity sha512-On5B1sIdRah9VFVr8ArayXi2mnmPOvkaneB/9WbTK9O/hCPhahrnHGyzw59XbMMvOYiTXJfBbPQvyDfhmtrjWQ==
